hash: 383d731bd8eaabc753acfeb27b0e01f5536e82a2218997dee95d446f306f8077
updated: 2017-01-05T12:23:12.871059298-08:00
imports:
- name: github.com/anacrolix/missinggo
  version: f98ed7c558b78e5613696f3ebee0635dd9a2a37c
  subpackages:
  - inproc
  - pproffd
- name: github.com/anacrolix/sync
  version: d29d95568d362a0008c1ffbaea39a3449ea67509
- name: github.com/anacrolix/utp
  version: cb02a8a1ac94501fb8421531cd94d874360d35b1
- name: github.com/ipkg/go-mux
  version: e30e6d08f21af8c88a3b5b44fb11270305dfa1d7
- name: github.com/zeebo/bencode
  version: 03ce512f17ce5deb2c024518d504c6419f04d39d
testImports: []
